PODS:
  - DequeuableRegistrable (0.1.0)

DEPENDENCIES:
  - DequeuableRegistrable (from `../`)

EXTERNAL SOURCES:
  DequeuableRegistrable:
    :path: "../"

SPEC CHECKSUMS:
  DequeuableRegistrable: 221cd2425d20d3405a6bb2e0c2b402eeef00025c

PODFILE CHECKSUM: 22493f8062e11c49901d5a17d0ec699517ddf898

COCOAPODS: 1.2.0.beta.3
